// !$*UTF8*$!
{
	archiveVersion = 1;
	classes = {
	};
	objectVersion = 46;
	objects = {

/* Begin PBXBuildFile section */
		84608F551B340599000FD0E4 /* main.m in Sources */ = {isa = PBXBuildFile; fileRef = 84608F541B340599000FD0E4 /* main.m */; };
		84608F581B340599000FD0E4 /* AppDelegate.m in Sources */ = {isa = PBXBuildFile; fileRef = 84608F571B340599000FD0E4 /* AppDelegate.m */; };
		84608F5B1B340599000FD0E4 /* ViewController.m in Sources */ = {isa = PBXBuildFile; fileRef = 84608F5A1B340599000FD0E4 /* ViewController.m */; };
		84608F5E1B340599000FD0E4 /* Main.storyboard in Resources */ = {isa = PBXBuildFile; fileRef = 84608F5C1B340599000FD0E4 /* Main.storyboard */; };
		84608F601B340599000FD0E4 /* Images.xcassets in Resources */ = {isa = PBXBuildFile; fileRef = 84608F5F1B340599000FD0E4 /* Images.xcassets */; };
		84608F631B340599000FD0E4 /* LaunchScreen.xib in Resources */ = {isa = PBXBuildFile; fileRef = 84608F611B340599000FD0E4 /* LaunchScreen.xib */; };
		84608F6F1B340599000FD0E4 /* Test2Tests.m in Sources */ = {isa = PBXBuildFile; fileRef = 84608F6E1B340599000FD0E4 /* Test2Tests.m */; };
/* End PBXBuildFile section */

/* Begin PBXContainerItemProxy section */
		84608F691B340599000FD0E4 /* PBXContainerItemProxy */ = {
			isa = PBXContainerItemProxy;
			containerPortal = 84608F471B340599000FD0E4 /* Project object */;
			proxyType = 1;
			remoteGlobalIDString = 84608F4E1B340599000FD0E4;
			remoteInfo = Test2;
		};
/* End PBXContainerItemProxy section */

/* Begin PBXFileReference section */
		84608F4F1B340599000FD0E4 /* Test2.app */ = {isa = PBXFileReference; explicitFileType = wrapper.application; includeInIndex = 0; path = Test2.app; sourceTree = BUILT_PRODUCTS_DIR; };
		84608F531B340599000FD0E4 /* Info.plist */ = {isa = PBXFileReference; lastKnownFileType = text.plist.xml; path = Info.plist; sourceTree = "<group>"; };
		84608F541B340599000FD0E4 /* main.m */ = {isa = PBXFileReference; lastKnownFileType = sourcecode.c.objc; path = main.m; sourceTree = "<group>"; };
		84608F561B340599000FD0E4 /* AppDelegate.h */ = {isa = PBXFileReference; lastKnownFileType = sourcecode.c.h; path = AppDelegate.h; sourceTree = "<group>"; };
		84608F571B340599000FD0E4 /* AppDelegate.m */ = {isa = PBXFileReference; lastKnownFileType = sourcecode.c.objc; path = AppDelegate.m; sourceTree = "<group>"; };
		84608F591B340599000FD0E4 /* ViewController.h */ = {isa = PBXFileReference; lastKnownFileType = sourcecode.c.h; path = ViewController.h; sourceTree = "<group>"; };
		84608F5A1B340599000FD0E4 /* ViewController.m */ = {isa = PBXFileReference; lastKnownFileType = sourcecode.c.objc; path = ViewController.m; sourceTree = "<group>"; };
		84608F5D1B340599000FD0E4 /* Base */ = {isa = PBXFileReference; lastKnownFileType = file.storyboard; name = Base; path = Base.lproj/Main.storyboard; sourceTree = "<group>"; };
		84608F5F1B340599000FD0E4 /* Images.xcassets */ = {isa = PBXFileReference; lastKnownFileType = folder.assetcatalog; path = Images.xcassets; sourceTree = "<group>"; };
		84608F621B340599000FD0E4 /* Base */ = {isa = PBXFileReference; lastKnownFileType = file.xib; name = Base; path = Base.lproj/LaunchScreen.xib; sourceTree = "<group>"; };
		84608F681B340599000FD0E4 /* Test2Tests.xctest */ = {isa = PBXFileReference; explicitFileType = wrapper.cfbundle; includeInIndex = 0; path = Test2Tests.xctest; sourceTree = BUILT_PRODUCTS_DIR; };
		84608F6D1B340599000FD0E4 /* Info.plist */ = {isa = PBXFileReference; lastKnownFileType = text.plist.xml; path = Info.plist; sourceTree = "<group>"; };
		84608F6E1B340599000FD0E4 /* Test2Tests.m */ = {isa = PBXFileReference; lastKnownFileType = sourcecode.c.objc; path = Test2Tests.m; sourceTree = "<group>"; };
/* End PBXFileReference section */

/* Begin PBXFrameworksBuildPhase section */
		84608F4C1B340599000FD0E4 /* Frameworks */ = {
			isa = PBXFrameworksBuildPhase;
			buildActionMask = 2147483647;
			files = (
			);
			runOnlyForDeploymentPostprocessing = 0;
		};
		84608F651B340599000FD0E4 /* Frameworks */ = {
			isa = PBXFrameworksBuildPhase;
			buildActionMask = 2147483647;
			files = (
			);
			runOnlyForDeploymentPostprocessing = 0;
		};
/* End PBXFrameworksBuildPhase section */

/* Begin PBXGroup section */
		84608F461B340599000FD0E4 = {
			isa = PBXGroup;
			children = (
				84608F511B340599000FD0E4 /* Test2 */,
				84608F6B1B340599000FD0E4 /* Test2Tests */,
				84608F501B340599000FD0E4 /* Products */,
			);
			sourceTree = "<group>";
		};
		84608F501B340599000FD0E4 /* Products */ = {
			isa = PBXGroup;
			children = (
				84608F4F1B340599000FD0E4 /* Test2.app */,
				84608F681B340599000FD0E4 /* Test2Tests.xctest */,
			);
			name = Products;
			sourceTree = "<group>";
		};
		84608F511B340599000FD0E4 /* Test2 */ = {
			isa = PBXGroup;
			children = (
				84608F561B340599000FD0E4 /* AppDelegate.h */,
				84608F571B340599000FD0E4 /* AppDelegate.m */,
				84608F591B340599000FD0E4 /* ViewController.h */,
				84608F5A1B340599000FD0E4 /* ViewController.m */,
				84608F5C1B340599000FD0E4 /* Main.storyboard */,
				84608F5F1B340599000FD0E4 /* Images.xcassets */,
				84608F611B340599000FD0E4 /* LaunchScreen.xib */,
				84608F521B340599000FD0E4 /* Supporting Files */,
			);
			path = Test2;
			sourceTree = "<group>";
		};
		84608F521B340599000FD0E4 /* Supporting Files */ = {
			isa = PBXGroup;
			children = (
				84608F531B340599000FD0E4 /* Info.plist */,
				84608F541B340599000FD0E4 /* main.m */,
			);
			name = "Supporting Files";
			sourceTree = "<group>";
		};
		84608F6B1B340599000FD0E4 /* Test2Tests */ = {
			isa = PBXGroup;
			children = (
				84608F6E1B340599000FD0E4 /* Test2Tests.m */,
				84608F6C1B340599000FD0E4 /* Supporting Files */,
			);
			path = Test2Tests;
			sourceTree = "<group>";
		};
		84608F6C1B340599000FD0E4 /* Supporting Files */ = {
			isa = PBXGroup;
			children = (
				84608F6D1B340599000FD0E4 /* Info.plist */,
			);
			name = "Supporting Files";
			sourceTree = "<group>";
		};
/* End PBXGroup section */

/* Begin PBXNativeTarget section */
		84608F4E1B340599000FD0E4 /* Test2 */ = {
			isa = PBXNativeTarget;
			buildConfigurationList = 84608F721B340599000FD0E4 /* Build configuration list for PBXNativeTarget "Test2" */;
			buildPhases = (
				84608F4B1B340599000FD0E4 /* Sources */,
				84608F4C1B340599000FD0E4 /* Frameworks */,
				84608F4D1B340599000FD0E4 /* Resources */,
			);
			buildRules = (
			);
			dependencies = (
			);
			name = Test2;
			productName = Test2;
			productReference = 84608F4F1B340599000FD0E4 /* Test2.app */;
			productType = "com.apple.product-type.application";
		};
		84608F671B340599000FD0E4 /* Test2Tests */ = {
			isa = PBXNativeTarget;
			buildConfigurationList = 84608F751B340599000FD0E4 /* Build configuration list for PBXNativeTarget "Test2Tests" */;
			buildPhases = (
				84608F641B340599000FD0E4 /* Sources */,
				84608F651B340599000FD0E4 /* Frameworks */,
				84608F661B340599000FD0E4 /* Resources */,
			);
			buildRules = (
			);
			dependencies = (
				84608F6A1B340599000FD0E4 /* PBXTargetDependency */,
			);
			name = Test2Tests;
			productName = Test2Tests;
			productReference = 84608F681B340599000FD0E4 /* Test2Tests.xctest */;
			productType = "com.apple.product-type.bundle.unit-test";
		};
/* End PBXNativeTarget section */

/* Begin PBXProject section */
		84608F471B340599000FD0E4 /* Project object */ = {
			isa = PBXProject;
			attributes = {
				LastUpgradeCheck = 0630;
				ORGANIZATIONNAME = admin;
				TargetAttributes = {
					84608F4E1B340599000FD0E4 = {
						CreatedOnToolsVersion = 6.3;
					};
					84608F671B340599000FD0E4 = {
						CreatedOnToolsVersion = 6.3;
						TestTargetID = 84608F4E1B340599000FD0E4;
					};
				};
			};
			buildConfigurationList = 84608F4A1B340599000FD0E4 /* Build configuration list for PBXProject "Test2" */;
			compatibilityVersion = "Xcode 3.2";
			developmentRegion = English;
			hasScannedForEncodings = 0;
			knownRegions = (
				en,
				Base,
			);
			mainGroup = 84608F461B340599000FD0E4;
			productRefGroup = 84608F501B340599000FD0E4 /* Products */;
			projectDirPath = "";
			projectRoot = "";
			targets = (
				84608F4E1B340599000FD0E4 /* Test2 */,
				84608F671B340599000FD0E4 /* Test2Tests */,
			);
		};
/* End PBXProject section */

/* Begin PBXResourcesBuildPhase section */
		84608F4D1B340599000FD0E4 /* Resources */ = {
			isa = PBXResourcesBuildPhase;
			buildActionMask = 2147483647;
			files = (
				84608F5E1B340599000FD0E4 /* Main.storyboard in Resources */,
				84608F631B340599000FD0E4 /* LaunchScreen.xib in Resources */,
				84608F601B340599000FD0E4 /* Images.xcassets in Resources */,
			);
			runOnlyForDeploymentPostprocessing = 0;
		};
		84608F661B340599000FD0E4 /* Resources */ = {
			isa = PBXResourcesBuildPhase;
			buildActionMask = 2147483647;
			files = (
			);
			runOnlyForDeploymentPostprocessing = 0;
		};
/* End PBXResourcesBuildPhase section */

/* Begin PBXSourcesBuildPhase section */
		84608F4B1B340599000FD0E4 /* Sources */ = {
			isa = PBXSourcesBuildPhase;
			buildActionMask = 2147483647;
			files = (
				84608F5B1B340599000FD0E4 /* ViewController.m in Sources */,
				84608F581B340599000FD0E4 /* AppDelegate.m in Sources */,
				84608F551B340599000FD0E4 /* main.m in Sources */,
			);
			runOnlyForDeploymentPostprocessing = 0;
		};
		84608F641B340599000FD0E4 /* Sources */ = {
			isa = PBXSourcesBuildPhase;
			buildActionMask = 2147483647;
			files = (
				84608F6F1B340599000FD0E4 /* Test2Tests.m in Sources */,
			);
			runOnlyForDeploymentPostprocessing = 0;
		};
/* End PBXSourcesBuildPhase section */

/* Begin PBXTargetDependency section */
		84608F6A1B340599000FD0E4 /* PBXTargetDependency */ = {
			isa = PBXTargetDependency;
			target = 84608F4E1B340599000FD0E4 /* Test2 */;
			targetProxy = 84608F691B340599000FD0E4 /* PBXContainerItemProxy */;
		};
/* End PBXTargetDependency section */

/* Begin PBXVariantGroup section */
		84608F5C1B340599000FD0E4 /* Main.storyboard */ = {
			isa = PBXVariantGroup;
			children = (
				84608F5D1B340599000FD0E4 /* Base */,
			);
			name = Main.storyboard;
			sourceTree = "<group>";
		};
		84608F611B340599000FD0E4 /* LaunchScreen.xib */ = {
			isa = PBXVariantGroup;
			children = (
				84608F621B340599000FD0E4 /* Base */,
			);
			name = LaunchScreen.xib;
			sourceTree = "<group>";
		};
/* End PBXVariantGroup section */

/* Begin XCBuildConfiguration section */
		84608F701B340599000FD0E4 /* Debug */ = {
			isa = XCBuildConfiguration;
			buildSettings = {
				ALWAYS_SEARCH_USER_PATHS = NO;
				CLANG_CXX_LANGUAGE_STANDARD = "gnu++0x";
				CLANG_CXX_LIBRARY = "libc++";
				CLANG_ENABLE_MODULES = YES;
				CLANG_ENABLE_OBJC_ARC = YES;
				CLANG_WARN_BOOL_CONVERSION = YES;
				CLANG_WARN_CONSTANT_CONVERSION = YES;
				CLANG_WARN_DIRECT_OBJC_ISA_USAGE = YES_ERROR;
				CLANG_WARN_EMPTY_BODY = YES;
				CLANG_WARN_ENUM_CONVERSION = YES;
				CLANG_WARN_INT_CONVERSION = YES;
				CLANG_WARN_OBJC_ROOT_CLASS = YES_ERROR;
				CLANG_WARN_UNREACHABLE_CODE = YES;
				CLANG_WARN__DUPLICATE_METHOD_MATCH = YES;
				"CODE_SIGN_IDENTITY[sdk=iphoneos*]" = "iPhone Developer";
				COPY_PHASE_STRIP = NO;
				DEBUG_INFORMATION_FORMAT = "dwarf-with-dsym";
				ENABLE_STRICT_OBJC_MSGSEND = YES;
				GCC_C_LANGUAGE_STANDARD = gnu99;
				GCC_DYNAMIC_NO_PIC = NO;
				GCC_NO_COMMON_BLOCKS = YES;
				GCC_OPTIMIZATION_LEVEL = 0;
				GCC_PREPROCESSOR_DEFINITIONS = (
					"DEBUG=1",
					"$(inherited)",
				);
				GCC_SYMBOLS_PRIVATE_EXTERN = NO;
				GCC_WARN_64_TO_32_BIT_CONVERSION = YES;
				GCC_WARN_ABOUT_RETURN_TYPE = YES_ERROR;
				GCC_WARN_UNDECLARED_SELECTOR = YES;
				GCC_WARN_UNINITIALIZED_AUTOS = YES_AGGRESSIVE;
				GCC_WARN_UNUSED_FUNCTION = YES;
				GCC_WARN_UNUSED_VARIABLE = YES;
				IPHONEOS_DEPLOYMENT_TARGET = 8.3;
				MTL_ENABLE_DEBUG_INFO = YES;
				ONLY_ACTIVE_ARCH = YES;
				SDKROOT = iphoneos;
				TARGETED_DEVICE_FAMILY = "1,2";
			};
			name = Debug;
		};
		84608F711B340599000FD0E4 /* Release */ = {
			isa = XCBuildConfiguration;
			buildSettings = {
				ALWAYS_SEARCH_USER_PATHS = NO;
				CLANG_CXX_LANGUAGE_STANDARD = "gnu++0x";
				CLANG_CXX_LIBRARY = "libc++";
				CLANG_ENABLE_MODULES = YES;
				CLANG_ENABLE_OBJC_ARC = YES;
				CLANG_WARN_BOOL_CONVERSION = YES;
				CLANG_WARN_CONSTANT_CONVERSION = YES;
				CLANG_WARN_DIRECT_OBJC_ISA_USAGE = YES_ERROR;
				CLANG_WARN_EMPTY_BODY = YES;
				CLANG_WARN_ENUM_CONVERSION = YES;
				CLANG_WARN_INT_CONVERSION = YES;
				CLANG_WARN_OBJC_ROOT_CLASS = YES_ERROR;
				CLANG_WARN_UNREACHABLE_CODE = YES;
				CLANG_WARN__DUPLICATE_METHOD_MATCH = YES;
				"CODE_SIGN_IDENTITY[sdk=iphoneos*]" = "iPhone Developer";
				COPY_PHASE_STRIP = NO;
				DEBUG_INFORMATION_FORMAT = "dwarf-with-dsym";
				ENABLE_NS_ASSERTIONS = NO;
				ENABLE_STRICT_OBJC_MSGSEND = YES;
				GCC_C_LANGUAGE_STANDARD = gnu99;
				GCC_NO_COMMON_BLOCKS = YES;
				GCC_WARN_64_TO_32_BIT_CONVERSION = YES;
				GCC_WARN_ABOUT_RETURN_TYPE = YES_ERROR;
				GCC_WARN_UNDECLARED_SELECTOR = YES;
				GCC_WARN_UNINITIALIZED_AUTOS = YES_AGGRESSIVE;
				GCC_WARN_UNUSED_FUNCTION = YES;
				GCC_WARN_UNUSED_VARIABLE = YES;
				IPHONEOS_DEPLOYMENT_TARGET = 8.3;
				MTL_ENABLE_DEBUG_INFO = NO;
				SDKROOT = iphoneos;
				TARGETED_DEVICE_FAMILY = "1,2";
				VALIDATE_PRODUCT = YES;
			};
			name = Release;
		};
		84608F731B340599000FD0E4 /* Debug */ = {
			isa = XCBuildConfiguration;
			buildSettings = {
				ASSETCATALOG_COMPILER_APPICON_NAME = AppIcon;
				INFOPLIST_FILE = Test2/Info.plist;
				LD_RUNPATH_SEARCH_PATHS = "$(inherited) @executable_path/Frameworks";
				PRODUCT_NAME = "$(TARGET_NAME)";
			};
			name = Debug;
		};
		84608F741B340599000FD0E4 /* Release */ = {
			isa = XCBuildConfiguration;
			buildSettings = {
				ASSETCATALOG_COMPILER_APPICON_NAME = AppIcon;
				INFOPLIST_FILE = Test2/Info.plist;
				LD_RUNPATH_SEARCH_PATHS = "$(inherited) @executable_path/Frameworks";
				PRODUCT_NAME = "$(TARGET_NAME)";
			};
			name = Release;
		};
		84608F761B340599000FD0E4 /* Debug */ = {
			isa = XCBuildConfiguration;
			buildSettings = {
				BUNDLE_LOADER = "$(TEST_HOST)";
				FRAMEWORK_SEARCH_PATHS = (
					"$(SDKROOT)/Developer/Library/Frameworks",
					"$(inherited)",
				);
				GCC_PREPROCESSOR_DEFINITIONS = (
					"DEBUG=1",
					"$(inherited)",
				);
				INFOPLIST_FILE = Test2Tests/Info.plist;
				LD_RUNPATH_SEARCH_PATHS = "$(inherited) @executable_path/Frameworks @loader_path/Frameworks";
				PRODUCT_NAME = "$(TARGET_NAME)";
				TEST_HOST = "$(BUILT_PRODUCTS_DIR)/Test2.app/Test2";
			};
			name = Debug;
		};
		84608F771B340599000FD0E4 /* Release */ = {
			isa = XCBuildConfiguration;
			buildSettings = {
				BUNDLE_LOADER = "$(TEST_HOST)";
				FRAMEWORK_SEARCH_PATHS = (
					"$(SDKROOT)/Developer/Library/Frameworks",
					"$(inherited)",
				);
				INFOPLIST_FILE = Test2Tests/Info.plist;
				LD_RUNPATH_SEARCH_PATHS = "$(inherited) @executable_path/Frameworks @loader_path/Frameworks";
				PRODUCT_NAME = "$(TARGET_NAME)";
				TEST_HOST = "$(BUILT_PRODUCTS_DIR)/Test2.app/Test2";
			};
			name = Release;
		};
/* End XCBuildConfiguration section */

/* Begin XCConfigurationList section */
		84608F4A1B340599000FD0E4 /* Build configuration list for PBXProject "Test2" */ = {
			isa = XCConfigurationList;
			buildConfigurations = (
				84608F701B340599000FD0E4 /* Debug */,
				84608F711B340599000FD0E4 /* Release */,
			);
			defaultConfigurationIsVisible = 0;
			defaultConfigurationName = Release;
		};
		84608F721B340599000FD0E4 /* Build configuration list for PBXNativeTarget "Test2" */ = {
			isa = XCConfigurationList;
			buildConfigurations = (
				84608F731B340599000FD0E4 /* Debug */,
				84608F741B340599000FD0E4 /* Release */,
			);
			defaultConfigurationIsVisible = 0;
		};
		84608F751B340599000FD0E4 /* Build configuration list for PBXNativeTarget "Test2Tests" */ = {
			isa = XCConfigurationList;
			buildConfigurations = (
				84608F761B340599000FD0E4 /* Debug */,
				84608F771B340599000FD0E4 /* Release */,
			);
			defaultConfigurationIsVisible = 0;
		};
/* End XCConfigurationList section */
	};
	rootObject = 84608F471B340599000FD0E4 /* Project object */;
}
